# THIS IS AN AUTOGENERATED FILE. DO NOT EDIT THIS FILE DIRECTLY.
# yarn lockfile v1


"@lspriv/wx-calendar@^1.7.3-alpha.7":
  version "1.7.3-alpha.7"
  resolved "https://registry.yarnpkg.com/@lspriv/wx-calendar/-/wx-calendar-1.7.3-alpha.7.tgz#e03c987f394713a1a0eed34a99948cf6a3ee6166"
  integrity sha512-dgZ5oOjeZa1wYeG+fEHBS5tzlZnaWsfAIJOR9avM8jqSTMwX0npqd3BSceMAhAVIdq6KR8MSNsHgQYJVmMYE1w==

"@vant/weapp@^1.11.6":
  version "1.11.6"
  resolved "https://registry.yarnpkg.com/@vant/weapp/-/weapp-1.11.6.tgz#3a7f4f68aed35ec4657daea7fec4c8b29ec71e47"
  integrity sha512-a3heReWYT2gNdsyj6x1hBwsM8V8NrjcPAmle86NH2CD2V/i/h0le75piW6KntSfOPCwekVWMBKhysNrBpJeKdw==
